{
  "name": "ultragit",
  "version": "0.0.1",
  "lockfileVersion": 1,
  "requires": true,
  "dependencies": {
    "node-git-server": {
      "version": "0.3.4",
      "resolved": "https://registry.npmjs.org/node-git-server/-/node-git-server-0.3.4.tgz",
      "integrity": "sha512-cAI331HjNRz4FmQ4XBIlF9+Cxx3eqeBvwGAJGdqUPwFiJVDvDPbCikrexygoSYtjrAfXYQVu4/zAifXNo3/tAQ==",
      "requires": {
        "through": "2.3.8"
      }
    },
    "through": {
      "version": "2.3.8",
      "resolved": "https://registry.npmjs.org/through/-/through-2.3.8.tgz",
      "integrity": "sha1-DdTJ/6q8NXlgsbckEV1+Doai4fU="
    }
  }
}
